
Microsoft Visual Studio Solution File, Format Version 12.00
# Visual Studio Version 16
VisualStudioVersion = 16.0.31729.503
MinimumVisualStudioVersion = 10.0.40219.1
Project("{FAE04EC0-301F-11D3-BF4B-00C04F79EFBC}") = "TestProject24102021", "TestProject24102021\TestProject24102021.csproj", "{B2CB48F8-BB70-4A69-B0FF-F8219E64AA78}"
EndProject
Global
	GlobalSection(SolutionConfigurationPlatforms) = preSolution
		Debug|Any CPU = Debug|Any CPU
		Release|Any CPU = Release|Any CPU
	EndGlobalSection
	GlobalSection(ProjectConfigurationPlatforms) = postSolution
		{B2CB48F8-BB70-4A69-B0FF-F8219E64AA78}.Debug|Any CPU.ActiveCfg = Debug|Any CPU
		{B2CB48F8-BB70-4A69-B0FF-F8219E64AA78}.Debug|Any CPU.Build.0 = Debug|Any CPU
		{B2CB48F8-BB70-4A69-B0FF-F8219E64AA78}.Release|Any CPU.ActiveCfg = Release|Any CPU
		{B2CB48F8-BB70-4A69-B0FF-F8219E64AA78}.Release|Any CPU.Build.0 = Release|Any CPU
	EndGlobalSection
	GlobalSection(SolutionProperties) = preSolution
		HideSolutionNode = FALSE
	EndGlobalSection
	GlobalSection(ExtensibilityGlobals) = postSolution
		SolutionGuid = {D3189DA6-CF17-494B-9B98-F46BFA6F9906}
	EndGlobalSection
EndGlobal
